PODS:
  - BinartSwiftWeWon (0.1.1):
    - Kingfisher
    - MessageKit
    - SnapKit
    - SVGKit
    - SwipeCellKit
    - "UITableView+FDTemplateLayoutCell"
  - CocoaLumberjack (3.6.1):
    - CocoaLumberjack/Core (= 3.6.1)
  - CocoaLumberjack/Core (3.6.1)
  - FBSnapshotTestCase (2.1.4):
    - FBSnapshotTestCase/SwiftSupport (= 2.1.4)
  - FBSnapshotTestCase/Core (2.1.4)
  - FBSnapshotTestCase/SwiftSupport (2.1.4):
    - FBSnapshotTestCase/Core
  - InputBarAccessoryView (4.3.2):
    - InputBarAccessoryView/Core (= 4.3.2)
  - InputBarAccessoryView/Core (4.3.2)
  - Kingfisher (4.10.1)
  - MessageKit (3.1.0):
    - InputBarAccessoryView (~> 4.3.0)
  - Nimble (7.3.4)
  - Nimble-Snapshots (6.3.0):
    - Nimble-Snapshots/Core (= 6.3.0)
  - Nimble-Snapshots/Core (6.3.0):
    - FBSnapshotTestCase (~> 2.0)
    - Nimble (~> 7.0)
  - Quick (1.2.0)
  - SnapKit (4.2.0)
  - SVGKit (2.1.1):
    - CocoaLumberjack (~> 3.0)
  - SwipeCellKit (2.7.1)
  - "UITableView+FDTemplateLayoutCell (1.6)"

DEPENDENCIES:
  - BinartSwiftWeWon (from `../`)
  - FBSnapshotTestCase (~> 2.1.4)
  - Nimble (~> 7.0)
  - Nimble-Snapshots (~> 6.3.0)
  - Quick (~> 1.2.0)

SPEC REPOS:
  trunk:
    - CocoaLumberjack
    - FBSnapshotTestCase
    - InputBarAccessoryView
    - Kingfisher
    - MessageKit
    - Nimble
    - Nimble-Snapshots
    - Quick
    - SnapKit
    - SVGKit
    - SwipeCellKit
    - "UITableView+FDTemplateLayoutCell"

EXTERNAL SOURCES:
  BinartSwiftWeWon:
    :path: "../"

SPEC CHECKSUMS:
  BinartSwiftWeWon: 3e5ad39a1866d8e6243a271112cc068f964eea85
  CocoaLumberjack: b17ae15142558d08bbacf69775fa10c4abbebcc9
  FBSnapshotTestCase: 094f9f314decbabe373b87cc339bea235a63e07a
  InputBarAccessoryView: 7985d418040a05fe894bd4b8328dd43ab35517c3
  Kingfisher: c148cd7b47ebde9989f6bc7c27dcaa79d81279a0
  MessageKit: 3beb578737a5aa2bba25cc27c7b6d6faa09af5a7
  Nimble: 051e3d8912d40138fa5591c78594f95fb172af37
  Nimble-Snapshots: f5459b5b091678dc942d03ec4741cacb58ba4a52
  Quick: 58d203b1c5e27fff7229c4c1ae445ad7069a7a08
  SnapKit: fe8a619752f3f27075cc9a90244d75c6c3f27e2a
  SVGKit: 652cdf7bef8bec8564d04a8511d3ab50c7595fac
  SwipeCellKit: 3972254a826da74609926daf59b08d6c72e619ea
  "UITableView+FDTemplateLayoutCell": 5c949b4a5059c404b442926c0e80f81d10a2d66f

PODFILE CHECKSUM: 0d56f469ecda5dfe20243d05a10e7abcac5f7371

COCOAPODS: 1.9.3
